
Microsoft Visual Studio Solution File, Format Version 12.00
# Visual Studio Version 17
VisualStudioVersion = 17.0.31903.59
MinimumVisualStudioVersion = 10.0.40219.1
Project("{2150E333-8FDC-42A3-9474-1A3956D46DE8}") = "src", "src", "{827E0CD3-B72D-47B6-A68D-7590B98EB39B}"
EndProject
Project("{2150E333-8FDC-42A3-9474-1A3956D46DE8}") = "Domain", "Domain", "{8B290487-4C16-E85E-E807-F579CBE9FC4D}"
EndProject
Project("{FAE04EC0-301F-11D3-BF4B-00C04F79EFBC}") = "HRManagement.Domain", "src\Domain\HRManagement.Domain.csproj", "{44893FBA-C405-4B98-A29F-EC6340AF69A4}"
EndProject
Project("{2150E333-8FDC-42A3-9474-1A3956D46DE8}") = "Application", "Application", "{22BAF98C-8415-17C4-B26A-D537657BC863}"
EndProject
Project("{FAE04EC0-301F-11D3-BF4B-00C04F79EFBC}") = "HRManagement.Application", "src\Application\HRManagement.Application.csproj", "{4699035E-9DCD-42FC-B059-F8B43983E444}"
EndProject
Project("{2150E333-8FDC-42A3-9474-1A3956D46DE8}") = "Infrastructure", "Infrastructure", "{9048EB7F-3875-A59E-E36B-5BD4C6F2A282}"
EndProject
Project("{FAE04EC0-301F-11D3-BF4B-00C04F79EFBC}") = "HRManagement.Infrastructure", "src\Infrastructure\HRManagement.Infrastructure.csproj", "{87FCDF7C-DF45-4D59-9888-8E1EC90995B1}"
EndProject
Project("{2150E333-8FDC-42A3-9474-1A3956D46DE8}") = "API", "API", "{81034408-37C8-1011-444E-4C15C2FADA8E}"
EndProject
Project("{FAE04EC0-301F-11D3-BF4B-00C04F79EFBC}") = "HRManagement.API", "src\API\HRManagement.API.csproj", "{A722E177-CE4B-4777-AE55-9ECE1ED7CE14}"
EndProject
Project("{2150E333-8FDC-42A3-9474-1A3956D46DE8}") = "tests", "tests", "{0AB3BF05-4346-4AA6-1389-037BE0695223}"
EndProject
Project("{FAE04EC0-301F-11D3-BF4B-00C04F79EFBC}") = "HRManagement.Tests", "tests\HRManagement.Tests\HRManagement.Tests.csproj", "{FBA3B6B3-CAA1-4686-B8C1-054FF71D7A84}"
EndProject
Global
	GlobalSection(SolutionConfigurationPlatforms) = preSolution
		Debug|Any CPU = Debug|Any CPU
		Debug|x64 = Debug|x64
		Debug|x86 = Debug|x86
		Release|Any CPU = Release|Any CPU
		Release|x64 = Release|x64
		Release|x86 = Release|x86
	EndGlobalSection
	GlobalSection(ProjectConfigurationPlatforms) = postSolution
		{44893FBA-C405-4B98-A29F-EC6340AF69A4}.Debug|Any CPU.ActiveCfg = Debug|Any CPU
		{44893FBA-C405-4B98-A29F-EC6340AF69A4}.Debug|Any CPU.Build.0 = Debug|Any CPU
		{44893FBA-C405-4B98-A29F-EC6340AF69A4}.Debug|x64.ActiveCfg = Debug|Any CPU
		{44893FBA-C405-4B98-A29F-EC6340AF69A4}.Debug|x64.Build.0 = Debug|Any CPU
		{44893FBA-C405-4B98-A29F-EC6340AF69A4}.Debug|x86.ActiveCfg = Debug|Any CPU
		{44893FBA-C405-4B98-A29F-EC6340AF69A4}.Debug|x86.Build.0 = Debug|Any CPU
		{44893FBA-C405-4B98-A29F-EC6340AF69A4}.Release|Any CPU.ActiveCfg = Release|Any CPU
		{44893FBA-C405-4B98-A29F-EC6340AF69A4}.Release|Any CPU.Build.0 = Release|Any CPU
		{44893FBA-C405-4B98-A29F-EC6340AF69A4}.Release|x64.ActiveCfg = Release|Any CPU
		{44893FBA-C405-4B98-A29F-EC6340AF69A4}.Release|x64.Build.0 = Release|Any CPU
		{44893FBA-C405-4B98-A29F-EC6340AF69A4}.Release|x86.ActiveCfg = Release|Any CPU
		{44893FBA-C405-4B98-A29F-EC6340AF69A4}.Release|x86.Build.0 = Release|Any CPU
		{4699035E-9DCD-42FC-B059-F8B43983E444}.Debug|Any CPU.ActiveCfg = Debug|Any CPU
		{4699035E-9DCD-42FC-B059-F8B43983E444}.Debug|Any CPU.Build.0 = Debug|Any CPU
		{4699035E-9DCD-42FC-B059-F8B43983E444}.Debug|x64.ActiveCfg = Debug|Any CPU
		{4699035E-9DCD-42FC-B059-F8B43983E444}.Debug|x64.Build.0 = Debug|Any CPU
		{4699035E-9DCD-42FC-B059-F8B43983E444}.Debug|x86.ActiveCfg = Debug|Any CPU
		{4699035E-9DCD-42FC-B059-F8B43983E444}.Debug|x86.Build.0 = Debug|Any CPU
		{4699035E-9DCD-42FC-B059-F8B43983E444}.Release|Any CPU.ActiveCfg = Release|Any CPU
		{4699035E-9DCD-42FC-B059-F8B43983E444}.Release|Any CPU.Build.0 = Release|Any CPU
		{4699035E-9DCD-42FC-B059-F8B43983E444}.Release|x64.ActiveCfg = Release|Any CPU
		{4699035E-9DCD-42FC-B059-F8B43983E444}.Release|x64.Build.0 = Release|Any CPU
		{4699035E-9DCD-42FC-B059-F8B43983E444}.Release|x86.ActiveCfg = Release|Any CPU
		{4699035E-9DCD-42FC-B059-F8B43983E444}.Release|x86.Build.0 = Release|Any CPU
		{87FCDF7C-DF45-4D59-9888-8E1EC90995B1}.Debug|Any CPU.ActiveCfg = Debug|Any CPU
		{87FCDF7C-DF45-4D59-9888-8E1EC90995B1}.Debug|Any CPU.Build.0 = Debug|Any CPU
		{87FCDF7C-DF45-4D59-9888-8E1EC90995B1}.Debug|x64.ActiveCfg = Debug|Any CPU
		{87FCDF7C-DF45-4D59-9888-8E1EC90995B1}.Debug|x64.Build.0 = Debug|Any CPU
		{87FCDF7C-DF45-4D59-9888-8E1EC90995B1}.Debug|x86.ActiveCfg = Debug|Any CPU
		{87FCDF7C-DF45-4D59-9888-8E1EC90995B1}.Debug|x86.Build.0 = Debug|Any CPU
		{87FCDF7C-DF45-4D59-9888-8E1EC90995B1}.Release|Any CPU.ActiveCfg = Release|Any CPU
		{87FCDF7C-DF45-4D59-9888-8E1EC90995B1}.Release|Any CPU.Build.0 = Release|Any CPU
		{87FCDF7C-DF45-4D59-9888-8E1EC90995B1}.Release|x64.ActiveCfg = Release|Any CPU
		{87FCDF7C-DF45-4D59-9888-8E1EC90995B1}.Release|x64.Build.0 = Release|Any CPU
		{87FCDF7C-DF45-4D59-9888-8E1EC90995B1}.Release|x86.ActiveCfg = Release|Any CPU
		{87FCDF7C-DF45-4D59-9888-8E1EC90995B1}.Release|x86.Build.0 = Release|Any CPU
		{A722E177-CE4B-4777-AE55-9ECE1ED7CE14}.Debug|Any CPU.ActiveCfg = Debug|Any CPU
		{A722E177-CE4B-4777-AE55-9ECE1ED7CE14}.Debug|Any CPU.Build.0 = Debug|Any CPU
		{A722E177-CE4B-4777-AE55-9ECE1ED7CE14}.Debug|x64.ActiveCfg = Debug|Any CPU
		{A722E177-CE4B-4777-AE55-9ECE1ED7CE14}.Debug|x64.Build.0 = Debug|Any CPU
		{A722E177-CE4B-4777-AE55-9ECE1ED7CE14}.Debug|x86.ActiveCfg = Debug|Any CPU
		{A722E177-CE4B-4777-AE55-9ECE1ED7CE14}.Debug|x86.Build.0 = Debug|Any CPU
		{A722E177-CE4B-4777-AE55-9ECE1ED7CE14}.Release|Any CPU.ActiveCfg = Release|Any CPU
		{A722E177-CE4B-4777-AE55-9ECE1ED7CE14}.Release|Any CPU.Build.0 = Release|Any CPU
		{A722E177-CE4B-4777-AE55-9ECE1ED7CE14}.Release|x64.ActiveCfg = Release|Any CPU
		{A722E177-CE4B-4777-AE55-9ECE1ED7CE14}.Release|x64.Build.0 = Release|Any CPU
		{A722E177-CE4B-4777-AE55-9ECE1ED7CE14}.Release|x86.ActiveCfg = Release|Any CPU
		{A722E177-CE4B-4777-AE55-9ECE1ED7CE14}.Release|x86.Build.0 = Release|Any CPU
		{FBA3B6B3-CAA1-4686-B8C1-054FF71D7A84}.Debug|Any CPU.ActiveCfg = Debug|Any CPU
		{FBA3B6B3-CAA1-4686-B8C1-054FF71D7A84}.Debug|Any CPU.Build.0 = Debug|Any CPU
		{FBA3B6B3-CAA1-4686-B8C1-054FF71D7A84}.Debug|x64.ActiveCfg = Debug|Any CPU
		{FBA3B6B3-CAA1-4686-B8C1-054FF71D7A84}.Debug|x64.Build.0 = Debug|Any CPU
		{FBA3B6B3-CAA1-4686-B8C1-054FF71D7A84}.Debug|x86.ActiveCfg = Debug|Any CPU
		{FBA3B6B3-CAA1-4686-B8C1-054FF71D7A84}.Debug|x86.Build.0 = Debug|Any CPU
		{FBA3B6B3-CAA1-4686-B8C1-054FF71D7A84}.Release|Any CPU.ActiveCfg = Release|Any CPU
		{FBA3B6B3-CAA1-4686-B8C1-054FF71D7A84}.Release|Any CPU.Build.0 = Release|Any CPU
		{FBA3B6B3-CAA1-4686-B8C1-054FF71D7A84}.Release|x64.ActiveCfg = Release|Any CPU
		{FBA3B6B3-CAA1-4686-B8C1-054FF71D7A84}.Release|x64.Build.0 = Release|Any CPU
		{FBA3B6B3-CAA1-4686-B8C1-054FF71D7A84}.Release|x86.ActiveCfg = Release|Any CPU
		{FBA3B6B3-CAA1-4686-B8C1-054FF71D7A84}.Release|x86.Build.0 = Release|Any CPU
	EndGlobalSection
	GlobalSection(SolutionProperties) = preSolution
		HideSolutionNode = FALSE
	EndGlobalSection
	GlobalSection(NestedProjects) = preSolution
		{8B290487-4C16-E85E-E807-F579CBE9FC4D} = {827E0CD3-B72D-47B6-A68D-7590B98EB39B}
		{44893FBA-C405-4B98-A29F-EC6340AF69A4} = {8B290487-4C16-E85E-E807-F579CBE9FC4D}
		{22BAF98C-8415-17C4-B26A-D537657BC863} = {827E0CD3-B72D-47B6-A68D-7590B98EB39B}
		{4699035E-9DCD-42FC-B059-F8B43983E444} = {22BAF98C-8415-17C4-B26A-D537657BC863}
		{9048EB7F-3875-A59E-E36B-5BD4C6F2A282} = {827E0CD3-B72D-47B6-A68D-7590B98EB39B}
		{87FCDF7C-DF45-4D59-9888-8E1EC90995B1} = {9048EB7F-3875-A59E-E36B-5BD4C6F2A282}
		{81034408-37C8-1011-444E-4C15C2FADA8E} = {827E0CD3-B72D-47B6-A68D-7590B98EB39B}
		{A722E177-CE4B-4777-AE55-9ECE1ED7CE14} = {81034408-37C8-1011-444E-4C15C2FADA8E}
		{FBA3B6B3-CAA1-4686-B8C1-054FF71D7A84} = {0AB3BF05-4346-4AA6-1389-037BE0695223}
	EndGlobalSection
EndGlobal
